// !$*UTF8*$!
{
	archiveVersion = 1;
	classes = {
	};
	objectVersion = 56;
	objects = {

/* Begin PBXBuildFile section */
		1A2B3C4D0000000000000021 /* mkbom.c in Sources */ = {isa = PBXBuildFile; fileRef = 1A2B3C4D0000000000000011 /* mkbom.c */; };
		1A2B3C4D0000000000000022 /* bom_cksum.c in Sources */ = {isa = PBXBuildFile; fileRef = 1A2B3C4D0000000000000012 /* bom_cksum.c */; };
		1A2B3C4D0000000000000023 /* fs_walk.c in Sources */ = {isa = PBXBuildFile; fileRef = 1A2B3C4D0000000000000014 /* fs_walk.c */; };
		1A2B3C4D0000000000000024 /* bom_writer.c in Sources */ = {isa = PBXBuildFile; fileRef = 1A2B3C4D0000000000000016 /* bom_writer.c */; };
		1A2B3C5D0000000000000061 /* lsbom.c in Sources */ = {isa = PBXBuildFile; fileRef = 1A2B3C5D0000000000000051 /* lsbom.c */; };
		1A2B3C5D0000000000000062 /* bom_read.c in Sources */ = {isa = PBXBuildFile; fileRef = 1A2B3C5D0000000000000052 /* bom_read.c */; };
		1A2B3C6D000000000000008A /* ditto.c in Sources */ = {isa = PBXBuildFile; fileRef = 1A2B3C6D0000000000000081 /* ditto.c */; };
		1A2B3C6D000000000000008B /* adouble.c in Sources */ = {isa = PBXBuildFile; fileRef = 1A2B3C6D0000000000000082 /* adouble.c */; };
		1A2B3C6D000000000000008C /* bomf.c in Sources */ = {isa = PBXBuildFile; fileRef = 1A2B3C6D0000000000000083 /* bomf.c */; };
		1A2B3C6D000000000000008D /* cpio.c in Sources */ = {isa = PBXBuildFile; fileRef = 1A2B3C6D0000000000000084 /* cpio.c */; };
		1A2B3C6D000000000000008E /* macho.c in Sources */ = {isa = PBXBuildFile; fileRef = 1A2B3C6D0000000000000085 /* macho.c */; };
		1A2B3C6D000000000000008F /* zip.c in Sources */ = {isa = PBXBuildFile; fileRef = 1A2B3C6D0000000000000086 /* zip.c */; };
		1A2B3C6D0000000000000090 /* bom_read.c in Sources */ = {isa = PBXBuildFile; fileRef = 1A2B3C5D0000000000000052 /* bom_read.c */; };
		1A2B3C7D00000000000000A1 /* bom_cksum.c in Sources */ = {isa = PBXBuildFile; fileRef = 1A2B3C4D0000000000000012 /* bom_cksum.c */; };
		1A2B3C7D00000000000000A2 /* fs_walk.c in Sources */ = {isa = PBXBuildFile; fileRef = 1A2B3C4D0000000000000014 /* fs_walk.c */; };
		1A2B3C7D00000000000000A3 /* bom_writer.c in Sources */ = {isa = PBXBuildFile; fileRef = 1A2B3C4D0000000000000016 /* bom_writer.c */; };
		1A2B3C7D00000000000000A4 /* bom_read.c in Sources */ = {isa = PBXBuildFile; fileRef = 1A2B3C5D0000000000000052 /* bom_read.c */; };
		1A2B3C7D00000000000000A5 /* version.plist in Resources */ = {isa = PBXBuildFile; fileRef = 1A2B3C7D00000000000000B2 /* version.plist */; };
/* End PBXBuildFile section */

/* Begin PBXFileReference section */
		1A2B3C4D0000000000000011 /* mkbom.c */ = {isa = PBXFileReference; lastKnownFileType = sourcecode.c.c; path = mkbom.c; sourceTree = "<group>"; };
		1A2B3C4D0000000000000012 /* bom_cksum.c */ = {isa = PBXFileReference; lastKnownFileType = sourcecode.c.c; path = bom_cksum.c; sourceTree = "<group>"; };
		1A2B3C4D0000000000000013 /* bom_cksum.h */ = {isa = PBXFileReference; lastKnownFileType = sourcecode.c.h; path = bom_cksum.h; sourceTree = "<group>"; };
		1A2B3C4D0000000000000014 /* fs_walk.c */ = {isa = PBXFileReference; lastKnownFileType = sourcecode.c.c; path = fs_walk.c; sourceTree = "<group>"; };
		1A2B3C4D0000000000000015 /* fs_walk.h */ = {isa = PBXFileReference; lastKnownFileType = sourcecode.c.h; path = fs_walk.h; sourceTree = "<group>"; };
		1A2B3C4D0000000000000016 /* bom_writer.c */ = {isa = PBXFileReference; lastKnownFileType = sourcecode.c.c; path = bom_writer.c; sourceTree = "<group>"; };
		1A2B3C4D0000000000000017 /* bom_writer.h */ = {isa = PBXFileReference; lastKnownFileType = sourcecode.c.h; path = bom_writer.h; sourceTree = "<group>"; };
		1A2B3C4D0000000000000018 /* mkbom */ = {isa = PBXFileReference; explicitFileType = "compiled.mach-o.executable"; includeInIndex = 0; path = mkbom; sourceTree = BUILT_PRODUCTS_DIR; };
		1A2B3C4D0000000000000019 /* mkbom.1 */ = {isa = PBXFileReference; lastKnownFileType = text.man; path = mkbom.1; sourceTree = "<group>"; };
		1A2B3C5D0000000000000051 /* lsbom.c */ = {isa = PBXFileReference; lastKnownFileType = sourcecode.c.c; path = lsbom.c; sourceTree = "<group>"; };
		1A2B3C5D0000000000000052 /* bom_read.c */ = {isa = PBXFileReference; lastKnownFileType = sourcecode.c.c; path = bom_read.c; sourceTree = "<group>"; };
		1A2B3C5D0000000000000053 /* bom_read.h */ = {isa = PBXFileReference; lastKnownFileType = sourcecode.c.h; path = bom_read.h; sourceTree = "<group>"; };
		1A2B3C5D0000000000000054 /* lsbom */ = {isa = PBXFileReference; explicitFileType = "compiled.mach-o.executable"; includeInIndex = 0; path = lsbom; sourceTree = BUILT_PRODUCTS_DIR; };
		1A2B3C5D0000000000000055 /* lsbom.1 */ = {isa = PBXFileReference; lastKnownFileType = text.man; path = lsbom.1; sourceTree = "<group>"; };
		1A2B3C6D0000000000000081 /* ditto.c */ = {isa = PBXFileReference; lastKnownFileType = sourcecode.c.c; path = ditto.c; sourceTree = "<group>"; };
		1A2B3C6D0000000000000082 /* adouble.c */ = {isa = PBXFileReference; lastKnownFileType = sourcecode.c.c; path = adouble.c; sourceTree = "<group>"; };
		1A2B3C6D0000000000000083 /* bomf.c */ = {isa = PBXFileReference; lastKnownFileType = sourcecode.c.c; path = bomf.c; sourceTree = "<group>"; };
		1A2B3C6D0000000000000084 /* cpio.c */ = {isa = PBXFileReference; lastKnownFileType = sourcecode.c.c; path = cpio.c; sourceTree = "<group>"; };
		1A2B3C6D0000000000000085 /* macho.c */ = {isa = PBXFileReference; lastKnownFileType = sourcecode.c.c; path = macho.c; sourceTree = "<group>"; };
		1A2B3C6D0000000000000086 /* zip.c */ = {isa = PBXFileReference; lastKnownFileType = sourcecode.c.c; path = zip.c; sourceTree = "<group>"; };
		1A2B3C6D0000000000000087 /* ditto.h */ = {isa = PBXFileReference; lastKnownFileType = sourcecode.c.h; path = ditto.h; sourceTree = "<group>"; };
		1A2B3C6D0000000000000088 /* usage.inc */ = {isa = PBXFileReference; lastKnownFileType = text; path = usage.inc; sourceTree = "<group>"; };
		1A2B3C6D0000000000000089 /* ditto.1 */ = {isa = PBXFileReference; lastKnownFileType = text.man; path = ditto.1; sourceTree = "<group>"; };
		1A2B3C6D0000000000000091 /* ditto */ = {isa = PBXFileReference; explicitFileType = "compiled.mach-o.executable"; includeInIndex = 0; path = ditto; sourceTree = BUILT_PRODUCTS_DIR; };
		1A2B3C7D00000000000000B1 /* Info.plist */ = {isa = PBXFileReference; lastKnownFileType = text.plist.xml; path = Info.plist; sourceTree = "<group>"; };
		1A2B3C7D00000000000000B2 /* version.plist */ = {isa = PBXFileReference; lastKnownFileType = text.plist.xml; path = version.plist; sourceTree = "<group>"; };
		1A2B3C7D00000000000000B3 /* CodeResources */ = {isa = PBXFileReference; lastKnownFileType = text.plist.xml; path = CodeResources; sourceTree = "<group>"; };
		1A2B3C7D00000000000000B4 /* Bom.framework */ = {isa = PBXFileReference; explicitFileType = wrapper.framework; includeInIndex = 0; path = Bom.framework; sourceTree = BUILT_PRODUCTS_DIR; };
		1A2B3C7D00000000000000BD /* Bom.framework in Frameworks */ = {isa = PBXBuildFile; fileRef = 1A2B3C7D00000000000000B4 /* Bom.framework */; };
/* End PBXFileReference section */

/* Begin PBXFrameworksBuildPhase section */
		1A2B3C4D000000000000003A /* Frameworks */ = {
			isa = PBXFrameworksBuildPhase;
			buildActionMask = 2147483647;
			files = (
			);
			runOnlyForDeploymentPostprocessing = 0;
		};
		1A2B3C7D00000000000000BC /* Frameworks */ = {
			isa = PBXFrameworksBuildPhase;
			buildActionMask = 2147483647;
			files = (
				1A2B3C7D00000000000000BD /* Bom.framework in Frameworks */,
			);
			runOnlyForDeploymentPostprocessing = 0;
		};
/* End PBXFrameworksBuildPhase section */

/* Begin PBXContainerItemProxy section */
		1A2B3C7D00000000000000BE /* PBXContainerItemProxy */ = {
			isa = PBXContainerItemProxy;
			containerPortal = 1A2B3C4D0000000000000001 /* Project object */;
			proxyType = 1;
			remoteGlobalIDString = 1A2B3C7D00000000000000B5;
			remoteInfo = Bom;
		};
/* End PBXContainerItemProxy section */

/* Begin PBXTargetDependency section */
		1A2B3C7D00000000000000BF /* PBXTargetDependency */ = {
			isa = PBXTargetDependency;
			target = 1A2B3C7D00000000000000B5 /* Bom */;
			targetProxy = 1A2B3C7D00000000000000BE /* PBXContainerItemProxy */;
		};
/* End PBXTargetDependency section */

/* Begin PBXGroup section */
		1A2B3C4D0000000000000002 = {
			isa = PBXGroup;
			children = (
				1A2B3C4D0000000000000008 /* src */,
				1A2B3C4D0000000000000007 /* man */,
				1A2B3C4D0000000000000003 /* Products */,
			);
			sourceTree = "<group>";
		};
		1A2B3C4D0000000000000003 /* Products */ = {
			isa = PBXGroup;
			children = (
				1A2B3C4D0000000000000018 /* mkbom */,
				1A2B3C5D0000000000000054 /* lsbom */,
				1A2B3C6D0000000000000091 /* ditto */,
				1A2B3C7D00000000000000B4 /* Bom.framework */,
			);
			name = Products;
			sourceTree = "<group>";
		};
		1A2B3C4D0000000000000008 /* src */ = {
			isa = PBXGroup;
			children = (
				1A2B3C4D0000000000000009 /* libbom */,
				1A2B3C4D000000000000000A /* mkbom */,
				1A2B3C5D0000000000000081 /* lsbom */,
				1A2B3C6D0000000000000092 /* ditto */,
			);
			path = src;
			sourceTree = "<group>";
		};
		1A2B3C4D0000000000000009 /* libbom */ = {
			isa = PBXGroup;
			children = (
				1A2B3C4D0000000000000012 /* bom_cksum.c */,
				1A2B3C4D0000000000000013 /* bom_cksum.h */,
				1A2B3C4D0000000000000014 /* fs_walk.c */,
				1A2B3C4D0000000000000015 /* fs_walk.h */,
				1A2B3C4D0000000000000016 /* bom_writer.c */,
				1A2B3C4D0000000000000017 /* bom_writer.h */,
				1A2B3C5D0000000000000052 /* bom_read.c */,
				1A2B3C5D0000000000000053 /* bom_read.h */,
				1A2B3C7D00000000000000B1 /* Info.plist */,
				1A2B3C7D00000000000000B2 /* version.plist */,
				1A2B3C7D00000000000000B3 /* CodeResources */,
			);
			path = libbom;
			sourceTree = "<group>";
		};
		1A2B3C4D000000000000000A /* mkbom */ = {
			isa = PBXGroup;
			children = (
				1A2B3C4D0000000000000011 /* mkbom.c */,
			);
			path = mkbom;
			sourceTree = "<group>";
		};
		1A2B3C5D0000000000000081 /* lsbom */ = {
			isa = PBXGroup;
			children = (
				1A2B3C5D0000000000000051 /* lsbom.c */,
			);
			path = lsbom;
			sourceTree = "<group>";
		};
		1A2B3C6D0000000000000092 /* ditto */ = {
			isa = PBXGroup;
			children = (
				1A2B3C6D0000000000000081 /* ditto.c */,
				1A2B3C6D0000000000000082 /* adouble.c */,
				1A2B3C6D0000000000000083 /* bomf.c */,
				1A2B3C6D0000000000000084 /* cpio.c */,
				1A2B3C6D0000000000000085 /* macho.c */,
				1A2B3C6D0000000000000086 /* zip.c */,
				1A2B3C6D0000000000000087 /* ditto.h */,
				1A2B3C6D0000000000000088 /* usage.inc */,
			);
			path = ditto;
			sourceTree = "<group>";
		};
		1A2B3C4D0000000000000007 /* man */ = {
			isa = PBXGroup;
			children = (
				1A2B3C4D0000000000000019 /* mkbom.1 */,
				1A2B3C5D0000000000000055 /* lsbom.1 */,
				1A2B3C6D0000000000000089 /* ditto.1 */,
			);
			path = man;
			sourceTree = "<group>";
		};
/* End PBXGroup section */

/* Begin PBXNativeTarget section */
		1A2B3C4D0000000000000031 /* mkbom */ = {
			isa = PBXNativeTarget;
			buildConfigurationList = 1A2B3C4D0000000000000033 /* Build configuration list for PBXNativeTarget "mkbom" */;
			buildPhases = (
				1A2B3C4D0000000000000032 /* Sources */,
				1A2B3C7D00000000000000BC /* Frameworks */,
			);
			buildRules = (
			);
			dependencies = (
				1A2B3C7D00000000000000BF /* PBXTargetDependency */,
			);
			name = mkbom;
			productName = mkbom;
			productReference = 1A2B3C4D0000000000000018 /* mkbom */;
			productType = "com.apple.product-type.tool";
		};
		1A2B3C5D0000000000000071 /* lsbom */ = {
			isa = PBXNativeTarget;
			buildConfigurationList = 1A2B3C5D0000000000000073 /* Build configuration list for PBXNativeTarget "lsbom" */;
			buildPhases = (
				1A2B3C5D0000000000000072 /* Sources */,
				1A2B3C7D00000000000000BC /* Frameworks */,
			);
			buildRules = (
			);
			dependencies = (
				1A2B3C7D00000000000000BF /* PBXTargetDependency */,
			);
			name = lsbom;
			productName = lsbom;
			productReference = 1A2B3C5D0000000000000054 /* lsbom */;
			productType = "com.apple.product-type.tool";
		};
		1A2B3C6D0000000000000093 /* ditto */ = {
			isa = PBXNativeTarget;
			buildConfigurationList = 1A2B3C6D0000000000000094 /* Build configuration list for PBXNativeTarget "ditto" */;
			buildPhases = (
				1A2B3C6D0000000000000095 /* Sources */,
				1A2B3C7D00000000000000BC /* Frameworks */,
			);
			buildRules = (
			);
			dependencies = (
				1A2B3C7D00000000000000BF /* PBXTargetDependency */,
			);
			name = ditto;
			productName = ditto;
			productReference = 1A2B3C6D0000000000000091 /* ditto */;
			productType = "com.apple.product-type.tool";
		};
		1A2B3C7D00000000000000B5 /* Bom */ = {
			isa = PBXNativeTarget;
			buildConfigurationList = 1A2B3C7D00000000000000B6 /* Build configuration list for PBXNativeTarget "Bom" */;
			buildPhases = (
				1A2B3C7D00000000000000B7 /* Sources */,
				1A2B3C4D000000000000003A /* Frameworks */,
				1A2B3C7D00000000000000B8 /* Resources */,
				1A2B3C7D00000000000000B9 /* Copy CodeResources */,
			);
			buildRules = (
			);
			dependencies = (
			);
			name = Bom;
			productName = Bom;
			productReference = 1A2B3C7D00000000000000B4 /* Bom.framework */;
			productType = "com.apple.product-type.framework";
		};
/* End PBXNativeTarget section */

/* Begin PBXProject section */
		1A2B3C4D0000000000000001 /* Project object */ = {
			isa = PBXProject;
			attributes = {
				BuildIndependentTargetsInParallel = YES;
				LastUpgradeCheck = 1600;
			};
			buildConfigurationList = 1A2B3C4D0000000000000034 /* Build configuration list for PBXProject "BomCmds" */;
			compatibilityVersion = "Xcode 14.0";
			developmentRegion = en;
			hasScannedForEncodings = 0;
			knownRegions = (
				en,
				base,
			);
			mainGroup = 1A2B3C4D0000000000000002;
			productRefGroup = 1A2B3C4D0000000000000003 /* Products */;
			projectDirPath = "";
			projectRoot = "";
			targets = (
				1A2B3C4D0000000000000031 /* mkbom */,
				1A2B3C5D0000000000000071 /* lsbom */,
				1A2B3C6D0000000000000093 /* ditto */,
				1A2B3C7D00000000000000B5 /* Bom */,
			);
		};
/* End PBXProject section */

/* Begin PBXSourcesBuildPhase section */
		1A2B3C4D0000000000000032 /* Sources */ = {
			isa = PBXSourcesBuildPhase;
			buildActionMask = 2147483647;
			files = (
				1A2B3C4D0000000000000021 /* mkbom.c in Sources */,
			);
			runOnlyForDeploymentPostprocessing = 0;
		};
/* End PBXSourcesBuildPhase section */

		1A2B3C5D0000000000000072 /* Sources */ = {
			isa = PBXSourcesBuildPhase;
			buildActionMask = 2147483647;
			files = (
				1A2B3C5D0000000000000061 /* lsbom.c in Sources */,
			);
			runOnlyForDeploymentPostprocessing = 0;
		};

		1A2B3C6D0000000000000095 /* Sources */ = {
			isa = PBXSourcesBuildPhase;
			buildActionMask = 2147483647;
			files = (
				1A2B3C6D000000000000008A /* ditto.c in Sources */,
				1A2B3C6D000000000000008B /* adouble.c in Sources */,
				1A2B3C6D000000000000008C /* bomf.c in Sources */,
				1A2B3C6D000000000000008D /* cpio.c in Sources */,
				1A2B3C6D000000000000008E /* macho.c in Sources */,
				1A2B3C6D000000000000008F /* zip.c in Sources */,
			);
			runOnlyForDeploymentPostprocessing = 0;
		};

		1A2B3C7D00000000000000B7 /* Sources */ = {
			isa = PBXSourcesBuildPhase;
			buildActionMask = 2147483647;
			files = (
				1A2B3C7D00000000000000A1 /* bom_cksum.c in Sources */,
				1A2B3C7D00000000000000A2 /* fs_walk.c in Sources */,
				1A2B3C7D00000000000000A3 /* bom_writer.c in Sources */,
				1A2B3C7D00000000000000A4 /* bom_read.c in Sources */,
			);
			runOnlyForDeploymentPostprocessing = 0;
		};

/* Begin PBXResourcesBuildPhase section */
		1A2B3C7D00000000000000B8 /* Resources */ = {
			isa = PBXResourcesBuildPhase;
			buildActionMask = 2147483647;
			files = (
				1A2B3C7D00000000000000A5 /* version.plist in Resources */,
			);
			runOnlyForDeploymentPostprocessing = 0;
		};
/* End PBXResourcesBuildPhase section */

/* Begin PBXShellScriptBuildPhase section */
		1A2B3C7D00000000000000B9 /* Copy CodeResources */ = {
			isa = PBXShellScriptBuildPhase;
			buildActionMask = 2147483647;
			files = (
			);
			inputPaths = (
			);
			name = "Copy CodeResources";
			outputPaths = (
			);
			runOnlyForDeploymentPostprocessing = 0;
			shellPath = /bin/sh;
			shellScript = "mkdir -p \"$BUILT_PRODUCTS_DIR/$WRAPPER_NAME/Versions/A/_CodeSignature\"\ncp \"$SRCROOT/src/libbom/CodeResources\" \"$BUILT_PRODUCTS_DIR/$WRAPPER_NAME/Versions/A/_CodeSignature/CodeResources\"\n";
		};
/* End PBXShellScriptBuildPhase section */

/* Begin XCBuildConfiguration section */
		1A2B3C4D0000000000000035 /* Debug */ = {
			isa = XCBuildConfiguration;
			buildSettings = {
				DEBUG_INFORMATION_FORMAT = dwarf;
				EXECUTABLE_PREFIX = "";
				GCC_C_LANGUAGE_STANDARD = c11;
				MACOSX_DEPLOYMENT_TARGET = 13.0;
				OTHER_CFLAGS = (
					"-D_DARWIN_C_SOURCE",
					"-Wall",
					"-Wextra",
				);
				PRODUCT_NAME = "$(TARGET_NAME)";
			};
			name = Debug;
		};
		1A2B3C4D0000000000000036 /* Release */ = {
			isa = XCBuildConfiguration;
			buildSettings = {
				EXECUTABLE_PREFIX = "";
				GCC_C_LANGUAGE_STANDARD = c11;
				GCC_OPTIMIZATION_LEVEL = 3;
				MACOSX_DEPLOYMENT_TARGET = 13.0;
				OTHER_CFLAGS = (
					"-D_DARWIN_C_SOURCE",
					"-Wall",
					"-Wextra",
				);
				PRODUCT_NAME = "$(TARGET_NAME)";
			};
			name = Release;
		};
		1A2B3C4D0000000000000037 /* Debug */ = {
			isa = XCBuildConfiguration;
			buildSettings = {
				ALWAYS_SEARCH_USER_PATHS = NO;
				CONFIGURATION_BUILD_DIR = "$(SRCROOT)/build/debug";
				DEBUG_INFORMATION_FORMAT = dwarf;
				GCC_OPTIMIZATION_LEVEL = 0;
				HEADER_SEARCH_PATHS = "$(SRCROOT)/src";
				OBJROOT = "$(SRCROOT)/build/obj/debug";
				SDKROOT = macosx;
				SYMROOT = "$(SRCROOT)/build";
			};
			name = Debug;
		};
		1A2B3C4D0000000000000038 /* Release */ = {
			isa = XCBuildConfiguration;
			buildSettings = {
				ALWAYS_SEARCH_USER_PATHS = NO;
				CONFIGURATION_BUILD_DIR = "$(SRCROOT)/build/release";
				GCC_OPTIMIZATION_LEVEL = 3;
				HEADER_SEARCH_PATHS = "$(SRCROOT)/src";
				OBJROOT = "$(SRCROOT)/build/obj/release";
				SDKROOT = macosx;
				SYMROOT = "$(SRCROOT)/build";
			};
			name = Release;
		};
		1A2B3C5D0000000000000074 /* Debug */ = {
			isa = XCBuildConfiguration;
			buildSettings = {
				DEBUG_INFORMATION_FORMAT = dwarf;
				EXECUTABLE_PREFIX = "";
				GCC_C_LANGUAGE_STANDARD = c11;
				MACOSX_DEPLOYMENT_TARGET = 13.0;
				OTHER_CFLAGS = (
					"-D_DARWIN_C_SOURCE",
					"-Wall",
					"-Wextra",
				);
				PRODUCT_NAME = "$(TARGET_NAME)";
			};
			name = Debug;
		};
		1A2B3C5D0000000000000075 /* Release */ = {
			isa = XCBuildConfiguration;
			buildSettings = {
				EXECUTABLE_PREFIX = "";
				GCC_C_LANGUAGE_STANDARD = c11;
				GCC_OPTIMIZATION_LEVEL = 3;
				MACOSX_DEPLOYMENT_TARGET = 13.0;
				OTHER_CFLAGS = (
					"-D_DARWIN_C_SOURCE",
					"-Wall",
					"-Wextra",
				);
				PRODUCT_NAME = "$(TARGET_NAME)";
			};
			name = Release;
		};
		1A2B3C6D0000000000000096 /* Debug */ = {
			isa = XCBuildConfiguration;
			buildSettings = {
				DEBUG_INFORMATION_FORMAT = dwarf;
				EXECUTABLE_PREFIX = "";
				GCC_C_LANGUAGE_STANDARD = c11;
				HEADER_SEARCH_PATHS = (
					"$(SRCROOT)/src",
					"$(SRCROOT)/src/ditto",
					"$(SRCROOT)/src/libbom",
				);
				MACOSX_DEPLOYMENT_TARGET = 13.0;
				OTHER_CFLAGS = (
					"-D_DARWIN_C_SOURCE",
					"-Wall",
					"-Wextra",
				);
				OTHER_LDFLAGS = (
					"-lz",
					"-lbz2",
				);
				PRODUCT_NAME = "$(TARGET_NAME)";
			};
			name = Debug;
		};
		1A2B3C6D0000000000000097 /* Release */ = {
			isa = XCBuildConfiguration;
			buildSettings = {
				EXECUTABLE_PREFIX = "";
				GCC_C_LANGUAGE_STANDARD = c11;
				GCC_OPTIMIZATION_LEVEL = 3;
				HEADER_SEARCH_PATHS = (
					"$(SRCROOT)/src",
					"$(SRCROOT)/src/ditto",
					"$(SRCROOT)/src/libbom",
				);
				MACOSX_DEPLOYMENT_TARGET = 13.0;
				OTHER_CFLAGS = (
					"-D_DARWIN_C_SOURCE",
					"-Wall",
					"-Wextra",
				);
				OTHER_LDFLAGS = (
					"-lz",
					"-lbz2",
				);
				PRODUCT_NAME = "$(TARGET_NAME)";
			};
			name = Release;
		};
		1A2B3C7D00000000000000BA /* Debug */ = {
			isa = XCBuildConfiguration;
			buildSettings = {
				CODE_SIGNING_ALLOWED = NO;
				DEBUG_INFORMATION_FORMAT = dwarf;
				DYLIB_COMPATIBILITY_VERSION = 2.0.0;
				DYLIB_CURRENT_VERSION = 195.0.0;
				FRAMEWORK_VERSION = A;
				GCC_C_LANGUAGE_STANDARD = c11;
				INFOPLIST_FILE = src/libbom/Info.plist;
				INSTALL_PATH = /System/Library/PrivateFrameworks;
				MACH_O_TYPE = mh_dylib;
				MACOSX_DEPLOYMENT_TARGET = 13.0;
				OTHER_CFLAGS = (
					"-D_DARWIN_C_SOURCE",
					"-Wall",
					"-Wextra",
				);
				PRODUCT_BUNDLE_IDENTIFIER = "com.apple.bom";
				PRODUCT_NAME = Bom;
				SKIP_INSTALL = NO;
			};
			name = Debug;
		};
		1A2B3C7D00000000000000BB /* Release */ = {
			isa = XCBuildConfiguration;
			buildSettings = {
				CODE_SIGNING_ALLOWED = NO;
				DYLIB_COMPATIBILITY_VERSION = 2.0.0;
				DYLIB_CURRENT_VERSION = 195.0.0;
				FRAMEWORK_VERSION = A;
				GCC_C_LANGUAGE_STANDARD = c11;
				GCC_OPTIMIZATION_LEVEL = 3;
				INFOPLIST_FILE = src/libbom/Info.plist;
				INSTALL_PATH = /System/Library/PrivateFrameworks;
				MACH_O_TYPE = mh_dylib;
				MACOSX_DEPLOYMENT_TARGET = 13.0;
				OTHER_CFLAGS = (
					"-D_DARWIN_C_SOURCE",
					"-Wall",
					"-Wextra",
				);
				PRODUCT_BUNDLE_IDENTIFIER = "com.apple.bom";
				PRODUCT_NAME = Bom;
				SKIP_INSTALL = NO;
			};
			name = Release;
		};
/* End XCBuildConfiguration section */

/* Begin XCConfigurationList section */
		1A2B3C4D0000000000000033 /* Build configuration list for PBXNativeTarget "mkbom" */ = {
			isa = XCConfigurationList;
			buildConfigurations = (
				1A2B3C4D0000000000000035 /* Debug */,
				1A2B3C4D0000000000000036 /* Release */,
			);
			defaultConfigurationIsVisible = 0;
			defaultConfigurationName = Release;
		};
		1A2B3C4D0000000000000034 /* Build configuration list for PBXProject "BomCmds" */ = {
			isa = XCConfigurationList;
			buildConfigurations = (
				1A2B3C4D0000000000000037 /* Debug */,
				1A2B3C4D0000000000000038 /* Release */,
			);
			defaultConfigurationIsVisible = 0;
			defaultConfigurationName = Release;
		};
		1A2B3C5D0000000000000073 /* Build configuration list for PBXNativeTarget "lsbom" */ = {
			isa = XCConfigurationList;
			buildConfigurations = (
				1A2B3C5D0000000000000074 /* Debug */,
				1A2B3C5D0000000000000075 /* Release */,
			);
			defaultConfigurationIsVisible = 0;
			defaultConfigurationName = Release;
		};
		1A2B3C6D0000000000000094 /* Build configuration list for PBXNativeTarget "ditto" */ = {
			isa = XCConfigurationList;
			buildConfigurations = (
				1A2B3C6D0000000000000096 /* Debug */,
				1A2B3C6D0000000000000097 /* Release */,
			);
			defaultConfigurationIsVisible = 0;
			defaultConfigurationName = Release;
		};
		1A2B3C7D00000000000000B6 /* Build configuration list for PBXNativeTarget "Bom" */ = {
			isa = XCConfigurationList;
			buildConfigurations = (
				1A2B3C7D00000000000000BA /* Debug */,
				1A2B3C7D00000000000000BB /* Release */,
			);
			defaultConfigurationIsVisible = 0;
			defaultConfigurationName = Release;
		};
/* End XCConfigurationList section */
	};
	rootObject = 1A2B3C4D0000000000000001 /* Project object */;
}