// !$*UTF8*$!
{
	archiveVersion = 1;
	classes = {
	};
	objectVersion = 56;
	objects = {

/* Begin PBXBuildFile section */
		1A2B3C4D0000000000000021 /* mkbom.c in Sources */ = {isa = PBXBuildFile; fileRef = 1A2B3C4D0000000000000011 /* mkbom.c */; };
		1A2B3C4D0000000000000022 /* bom_cksum.c in Sources */ = {isa = PBXBuildFile; fileRef = 1A2B3C4D0000000000000012 /* bom_cksum.c */; };
		1A2B3C4D0000000000000023 /* fs_walk.c in Sources */ = {isa = PBXBuildFile; fileRef = 1A2B3C4D0000000000000014 /* fs_walk.c */; };
		1A2B3C4D0000000000000024 /* bom_writer.c in Sources */ = {isa = PBXBuildFile; fileRef = 1A2B3C4D0000000000000016 /* bom_writer.c */; };
		1A2B3C5D0000000000000061 /* lsbom.c in Sources */ = {isa = PBXBuildFile; fileRef = 1A2B3C5D0000000000000051 /* lsbom.c */; };
		1A2B3C5D0000000000000062 /* bom_read.c in Sources */ = {isa = PBXBuildFile; fileRef = 1A2B3C5D0000000000000052 /* bom_read.c */; };
/* End PBXBuildFile section */

/* Begin PBXFileReference section */
		1A2B3C4D0000000000000011 /* mkbom.c */ = {isa = PBXFileReference; lastKnownFileType = sourcecode.c.c; path = mkbom.c; sourceTree = "<group>"; };
		1A2B3C4D0000000000000012 /* bom_cksum.c */ = {isa = PBXFileReference; lastKnownFileType = sourcecode.c.c; path = bom_cksum.c; sourceTree = "<group>"; };
		1A2B3C4D0000000000000013 /* bom_cksum.h */ = {isa = PBXFileReference; lastKnownFileType = sourcecode.c.h; path = bom_cksum.h; sourceTree = "<group>"; };
		1A2B3C4D0000000000000014 /* fs_walk.c */ = {isa = PBXFileReference; lastKnownFileType = sourcecode.c.c; path = fs_walk.c; sourceTree = "<group>"; };
		1A2B3C4D0000000000000015 /* fs_walk.h */ = {isa = PBXFileReference; lastKnownFileType = sourcecode.c.h; path = fs_walk.h; sourceTree = "<group>"; };
		1A2B3C4D0000000000000016 /* bom_writer.c */ = {isa = PBXFileReference; lastKnownFileType = sourcecode.c.c; path = bom_writer.c; sourceTree = "<group>"; };
		1A2B3C4D0000000000000017 /* bom_writer.h */ = {isa = PBXFileReference; lastKnownFileType = sourcecode.c.h; path = bom_writer.h; sourceTree = "<group>"; };
		1A2B3C4D0000000000000018 /* mkbom */ = {isa = PBXFileReference; explicitFileType = "compiled.mach-o.executable"; includeInIndex = 0; path = mkbom; sourceTree = BUILT_PRODUCTS_DIR; };
		1A2B3C4D0000000000000019 /* mkbom.1 */ = {isa = PBXFileReference; lastKnownFileType = text.man; path = mkbom.1; sourceTree = "<group>"; };
		1A2B3C5D0000000000000051 /* lsbom.c */ = {isa = PBXFileReference; lastKnownFileType = sourcecode.c.c; path = lsbom.c; sourceTree = "<group>"; };
		1A2B3C5D0000000000000052 /* bom_read.c */ = {isa = PBXFileReference; lastKnownFileType = sourcecode.c.c; path = bom_read.c; sourceTree = "<group>"; };
		1A2B3C5D0000000000000053 /* bom_read.h */ = {isa = PBXFileReference; lastKnownFileType = sourcecode.c.h; path = bom_read.h; sourceTree = "<group>"; };
		1A2B3C5D0000000000000054 /* lsbom */ = {isa = PBXFileReference; explicitFileType = "compiled.mach-o.executable"; includeInIndex = 0; path = lsbom; sourceTree = BUILT_PRODUCTS_DIR; };
		1A2B3C5D0000000000000055 /* lsbom.1 */ = {isa = PBXFileReference; lastKnownFileType = text.man; path = lsbom.1; sourceTree = "<group>"; };
/* End PBXFileReference section */

/* Begin PBXFrameworksBuildPhase section */
		1A2B3C4D000000000000003A /* Frameworks */ = {
			isa = PBXFrameworksBuildPhase;
			buildActionMask = 2147483647;
			files = (
			);
			runOnlyForDeploymentPostprocessing = 0;
		};
/* End PBXFrameworksBuildPhase section */

/* Begin PBXGroup section */
		1A2B3C4D0000000000000002 = {
			isa = PBXGroup;
			children = (
				1A2B3C4D0000000000000008 /* src */,
				1A2B3C4D0000000000000007 /* man */,
				1A2B3C4D0000000000000003 /* Products */,
			);
			sourceTree = "<group>";
		};
		1A2B3C4D0000000000000003 /* Products */ = {
			isa = PBXGroup;
			children = (
				1A2B3C4D0000000000000018 /* mkbom */,
				1A2B3C5D0000000000000054 /* lsbom */,
			);
			name = Products;
			sourceTree = "<group>";
		};
		1A2B3C4D0000000000000008 /* src */ = {
			isa = PBXGroup;
			children = (
				1A2B3C4D0000000000000009 /* libbom */,
				1A2B3C4D000000000000000A /* mkbom */,
				1A2B3C5D0000000000000081 /* lsbom */,
			);
			path = src;
			sourceTree = "<group>";
		};
		1A2B3C4D0000000000000009 /* libbom */ = {
			isa = PBXGroup;
			children = (
				1A2B3C4D0000000000000012 /* bom_cksum.c */,
				1A2B3C4D0000000000000013 /* bom_cksum.h */,
				1A2B3C4D0000000000000014 /* fs_walk.c */,
				1A2B3C4D0000000000000015 /* fs_walk.h */,
				1A2B3C4D0000000000000016 /* bom_writer.c */,
				1A2B3C4D0000000000000017 /* bom_writer.h */,
				1A2B3C5D0000000000000052 /* bom_read.c */,
				1A2B3C5D0000000000000053 /* bom_read.h */,
			);
			path = libbom;
			sourceTree = "<group>";
		};
		1A2B3C4D000000000000000A /* mkbom */ = {
			isa = PBXGroup;
			children = (
				1A2B3C4D0000000000000011 /* mkbom.c */,
			);
			path = mkbom;
			sourceTree = "<group>";
		};
		1A2B3C5D0000000000000081 /* lsbom */ = {
			isa = PBXGroup;
			children = (
				1A2B3C5D0000000000000051 /* lsbom.c */,
			);
			path = lsbom;
			sourceTree = "<group>";
		};
		1A2B3C4D0000000000000007 /* man */ = {
			isa = PBXGroup;
			children = (
				1A2B3C4D0000000000000019 /* mkbom.1 */,
				1A2B3C5D0000000000000055 /* lsbom.1 */,
			);
			path = man;
			sourceTree = "<group>";
		};
/* End PBXGroup section */

/* Begin PBXNativeTarget section */
		1A2B3C4D0000000000000031 /* mkbom */ = {
			isa = PBXNativeTarget;
			buildConfigurationList = 1A2B3C4D0000000000000033 /* Build configuration list for PBXNativeTarget "mkbom" */;
			buildPhases = (
				1A2B3C4D0000000000000032 /* Sources */,
				1A2B3C4D000000000000003A /* Frameworks */,
			);
			buildRules = (
			);
			dependencies = (
			);
			name = mkbom;
			productName = mkbom;
			productReference = 1A2B3C4D0000000000000018 /* mkbom */;
			productType = "com.apple.product-type.tool";
		};
		1A2B3C5D0000000000000071 /* lsbom */ = {
			isa = PBXNativeTarget;
			buildConfigurationList = 1A2B3C5D0000000000000073 /* Build configuration list for PBXNativeTarget "lsbom" */;
			buildPhases = (
				1A2B3C5D0000000000000072 /* Sources */,
				1A2B3C4D000000000000003A /* Frameworks */,
			);
			buildRules = (
			);
			dependencies = (
			);
			name = lsbom;
			productName = lsbom;
			productReference = 1A2B3C5D0000000000000054 /* lsbom */;
			productType = "com.apple.product-type.tool";
		};
/* End PBXNativeTarget section */

/* Begin PBXProject section */
		1A2B3C4D0000000000000001 /* Project object */ = {
			isa = PBXProject;
			attributes = {
				BuildIndependentTargetsInParallel = YES;
				LastUpgradeCheck = 1600;
			};
			buildConfigurationList = 1A2B3C4D0000000000000034 /* Build configuration list for PBXProject "BomCmds" */;
			compatibilityVersion = "Xcode 14.0";
			developmentRegion = en;
			hasScannedForEncodings = 0;
			knownRegions = (
				en,
				base,
			);
			mainGroup = 1A2B3C4D0000000000000002;
			productRefGroup = 1A2B3C4D0000000000000003 /* Products */;
			projectDirPath = "";
			projectRoot = "";
			targets = (
				1A2B3C4D0000000000000031 /* mkbom */,
				1A2B3C5D0000000000000071 /* lsbom */,
			);
		};
/* End PBXProject section */

/* Begin PBXSourcesBuildPhase section */
		1A2B3C4D0000000000000032 /* Sources */ = {
			isa = PBXSourcesBuildPhase;
			buildActionMask = 2147483647;
			files = (
				1A2B3C4D0000000000000021 /* mkbom.c in Sources */,
				1A2B3C4D0000000000000022 /* bom_cksum.c in Sources */,
				1A2B3C4D0000000000000023 /* fs_walk.c in Sources */,
				1A2B3C4D0000000000000024 /* bom_writer.c in Sources */,
			);
			runOnlyForDeploymentPostprocessing = 0;
		};
/* End PBXSourcesBuildPhase section */

		1A2B3C5D0000000000000072 /* Sources */ = {
			isa = PBXSourcesBuildPhase;
			buildActionMask = 2147483647;
			files = (
				1A2B3C5D0000000000000061 /* lsbom.c in Sources */,
				1A2B3C5D0000000000000062 /* bom_read.c in Sources */,
			);
			runOnlyForDeploymentPostprocessing = 0;
		};

/* Begin XCBuildConfiguration section */
		1A2B3C4D0000000000000035 /* Debug */ = {
			isa = XCBuildConfiguration;
			buildSettings = {
				DEBUG_INFORMATION_FORMAT = dwarf;
				EXECUTABLE_PREFIX = "";
				GCC_C_LANGUAGE_STANDARD = c11;
				MACOSX_DEPLOYMENT_TARGET = 13.0;
				OTHER_CFLAGS = (
					"-D_DARWIN_C_SOURCE",
					"-Wall",
					"-Wextra",
				);
				PRODUCT_NAME = "$(TARGET_NAME)";
			};
			name = Debug;
		};
		1A2B3C4D0000000000000036 /* Release */ = {
			isa = XCBuildConfiguration;
			buildSettings = {
				EXECUTABLE_PREFIX = "";
				GCC_C_LANGUAGE_STANDARD = c11;
				GCC_OPTIMIZATION_LEVEL = 3;
				MACOSX_DEPLOYMENT_TARGET = 13.0;
				OTHER_CFLAGS = (
					"-D_DARWIN_C_SOURCE",
					"-Wall",
					"-Wextra",
				);
				PRODUCT_NAME = "$(TARGET_NAME)";
			};
			name = Release;
		};
		1A2B3C4D0000000000000037 /* Debug */ = {
			isa = XCBuildConfiguration;
			buildSettings = {
				ALWAYS_SEARCH_USER_PATHS = NO;
				CONFIGURATION_BUILD_DIR = "$(SRCROOT)/build/debug";
				DEBUG_INFORMATION_FORMAT = dwarf;
				GCC_OPTIMIZATION_LEVEL = 0;
				HEADER_SEARCH_PATHS = "$(SRCROOT)/src";
				OBJROOT = "$(SRCROOT)/build/obj/debug";
				SDKROOT = macosx;
				SYMROOT = "$(SRCROOT)/build";
			};
			name = Debug;
		};
		1A2B3C4D0000000000000038 /* Release */ = {
			isa = XCBuildConfiguration;
			buildSettings = {
				ALWAYS_SEARCH_USER_PATHS = NO;
				CONFIGURATION_BUILD_DIR = "$(SRCROOT)/build/release";
				GCC_OPTIMIZATION_LEVEL = 3;
				HEADER_SEARCH_PATHS = "$(SRCROOT)/src";
				OBJROOT = "$(SRCROOT)/build/obj/release";
				SDKROOT = macosx;
				SYMROOT = "$(SRCROOT)/build";
			};
			name = Release;
		};
		1A2B3C5D0000000000000074 /* Debug */ = {
			isa = XCBuildConfiguration;
			buildSettings = {
				DEBUG_INFORMATION_FORMAT = dwarf;
				EXECUTABLE_PREFIX = "";
				GCC_C_LANGUAGE_STANDARD = c11;
				MACOSX_DEPLOYMENT_TARGET = 13.0;
				OTHER_CFLAGS = (
					"-D_DARWIN_C_SOURCE",
					"-Wall",
					"-Wextra",
				);
				PRODUCT_NAME = "$(TARGET_NAME)";
			};
			name = Debug;
		};
		1A2B3C5D0000000000000075 /* Release */ = {
			isa = XCBuildConfiguration;
			buildSettings = {
				EXECUTABLE_PREFIX = "";
				GCC_C_LANGUAGE_STANDARD = c11;
				GCC_OPTIMIZATION_LEVEL = 3;
				MACOSX_DEPLOYMENT_TARGET = 13.0;
				OTHER_CFLAGS = (
					"-D_DARWIN_C_SOURCE",
					"-Wall",
					"-Wextra",
				);
				PRODUCT_NAME = "$(TARGET_NAME)";
			};
			name = Release;
		};
/* End XCBuildConfiguration section */

/* Begin XCConfigurationList section */
		1A2B3C4D0000000000000033 /* Build configuration list for PBXNativeTarget "mkbom" */ = {
			isa = XCConfigurationList;
			buildConfigurations = (
				1A2B3C4D0000000000000035 /* Debug */,
				1A2B3C4D0000000000000036 /* Release */,
			);
			defaultConfigurationIsVisible = 0;
			defaultConfigurationName = Release;
		};
		1A2B3C4D0000000000000034 /* Build configuration list for PBXProject "BomCmds" */ = {
			isa = XCConfigurationList;
			buildConfigurations = (
				1A2B3C4D0000000000000037 /* Debug */,
				1A2B3C4D0000000000000038 /* Release */,
			);
			defaultConfigurationIsVisible = 0;
			defaultConfigurationName = Release;
		};
		1A2B3C5D0000000000000073 /* Build configuration list for PBXNativeTarget "lsbom" */ = {
			isa = XCConfigurationList;
			buildConfigurations = (
				1A2B3C5D0000000000000074 /* Debug */,
				1A2B3C5D0000000000000075 /* Release */,
			);
			defaultConfigurationIsVisible = 0;
			defaultConfigurationName = Release;
		};
/* End XCConfigurationList section */
	};
	rootObject = 1A2B3C4D0000000000000001 /* Project object */;
}